
Microsoft Visual Studio Solution File, Format Version 12.00
# Visual Studio Version 16
VisualStudioVersion = 16.0.31424.327
MinimumVisualStudioVersion = 10.0.40219.1
Project("{FAE04EC0-301F-11D3-BF4B-00C04F79EFBC}") = "TcpClientApp", "TcpClient\TcpClientApp.csproj", "{ADD3BBB9-F905-4668-8F94-41EFAB296511}"
EndProject
Global
	GlobalSection(SolutionConfigurationPlatforms) = preSolution
		Debug|Any CPU = Debug|Any CPU
		Release|Any CPU = Release|Any CPU
	EndGlobalSection
	GlobalSection(ProjectConfigurationPlatforms) = postSolution
		{ADD3BBB9-F905-4668-8F94-41EFAB296511}.Debug|Any CPU.ActiveCfg = Debug|Any CPU
		{ADD3BBB9-F905-4668-8F94-41EFAB296511}.Debug|Any CPU.Build.0 = Debug|Any CPU
		{ADD3BBB9-F905-4668-8F94-41EFAB296511}.Release|Any CPU.ActiveCfg = Release|Any CPU
		{ADD3BBB9-F905-4668-8F94-41EFAB296511}.Release|Any CPU.Build.0 = Release|Any CPU
	EndGlobalSection
	GlobalSection(SolutionProperties) = preSolution
		HideSolutionNode = FALSE
	EndGlobalSection
	GlobalSection(ExtensibilityGlobals) = postSolution
		SolutionGuid = {33DED92D-9A15-4B1B-9F9B-51AA75476580}
	EndGlobalSection
EndGlobal
