
Microsoft Visual Studio Solution File, Format Version 12.00
# Visual Studio Version 16
VisualStudioVersion = 16.0.31424.327
MinimumVisualStudioVersion = 10.0.40219.1
Project("{FAE04EC0-301F-11D3-BF4B-00C04F79EFBC}") = "TcpServer", "TcpServer\TcpServer.csproj", "{4988C020-EB6B-498C-953C-E3B04CB637EE}"
EndProject
Global
	GlobalSection(SolutionConfigurationPlatforms) = preSolution
		Debug|Any CPU = Debug|Any CPU
		Release|Any CPU = Release|Any CPU
	EndGlobalSection
	GlobalSection(ProjectConfigurationPlatforms) = postSolution
		{4988C020-EB6B-498C-953C-E3B04CB637EE}.Debug|Any CPU.ActiveCfg = Debug|Any CPU
		{4988C020-EB6B-498C-953C-E3B04CB637EE}.Debug|Any CPU.Build.0 = Debug|Any CPU
		{4988C020-EB6B-498C-953C-E3B04CB637EE}.Release|Any CPU.ActiveCfg = Release|Any CPU
		{4988C020-EB6B-498C-953C-E3B04CB637EE}.Release|Any CPU.Build.0 = Release|Any CPU
	EndGlobalSection
	GlobalSection(SolutionProperties) = preSolution
		HideSolutionNode = FALSE
	EndGlobalSection
	GlobalSection(ExtensibilityGlobals) = postSolution
		SolutionGuid = {A2A6B122-7EDF-481E-9196-36766BAF50EF}
	EndGlobalSection
EndGlobal
